
Microsoft Visual Studio Solution File, Format Version 12.00
# Visual Studio Version 16
VisualStudioVersion = 16.0.31605.320
MinimumVisualStudioVersion = 10.0.40219.1
Project("{8BC9CEB8-8B4A-11D0-8D11-00A0C91BC942}") = "Asinc_2", "Asinc_2\Asinc_2.vcxproj", "{1B607423-8268-47F6-B83C-ADF4B144B1B5}"
EndProject
Global
	GlobalSection(SolutionConfigurationPlatforms) = preSolution
		Debug|x64 = Debug|x64
		Debug|x86 = Debug|x86
		Release|x64 = Release|x64
		Release|x86 = Release|x86
	EndGlobalSection
	GlobalSection(ProjectConfigurationPlatforms) = postSolution
		{1B607423-8268-47F6-B83C-ADF4B144B1B5}.Debug|x64.ActiveCfg = Debug|x64
		{1B607423-8268-47F6-B83C-ADF4B144B1B5}.Debug|x64.Build.0 = Debug|x64
		{1B607423-8268-47F6-B83C-ADF4B144B1B5}.Debug|x86.ActiveCfg = Debug|Win32
		{1B607423-8268-47F6-B83C-ADF4B144B1B5}.Debug|x86.Build.0 = Debug|Win32
		{1B607423-8268-47F6-B83C-ADF4B144B1B5}.Release|x64.ActiveCfg = Release|x64
		{1B607423-8268-47F6-B83C-ADF4B144B1B5}.Release|x64.Build.0 = Release|x64
		{1B607423-8268-47F6-B83C-ADF4B144B1B5}.Release|x86.ActiveCfg = Release|Win32
		{1B607423-8268-47F6-B83C-ADF4B144B1B5}.Release|x86.Build.0 = Release|Win32
	EndGlobalSection
	GlobalSection(SolutionProperties) = preSolution
		HideSolutionNode = FALSE
	EndGlobalSection
	GlobalSection(ExtensibilityGlobals) = postSolution
		SolutionGuid = {5596D35C-388B-4C96-9095-99EE7D3DC96F}
	EndGlobalSection
EndGlobal
